
Microsoft Visual Studio Solution File, Format Version 12.00
# Visual Studio 15
VisualStudioVersion = 15.0.28307.136
MinimumVisualStudioVersion = 10.0.40219.1
Project("{FAE04EC0-301F-11D3-BF4B-00C04F79EFBC}") = "Dyana", "Dyana\Dyana.csproj", "{4ACA2318-8151-4597-91E0-739C3F41E1CD}"
EndProject
Project("{FAE04EC0-301F-11D3-BF4B-00C04F79EFBC}") = "Dyana.Core", "Dyana.Core\Dyana.Core.csproj", "{F7A796C4-BE95-477F-9CA5-D554D46C431A}"
EndProject
Project("{FAE04EC0-301F-11D3-BF4B-00C04F79EFBC}") = "Dyana.View", "Dyana.View\Dyana.View.csproj", "{649B3CFC-6051-4894-B212-F173308B2170}"
EndProject
Global
	GlobalSection(SolutionConfigurationPlatforms) = preSolution
		Debug|Any CPU = Debug|Any CPU
		Release|Any CPU = Release|Any CPU
	EndGlobalSection
	GlobalSection(ProjectConfigurationPlatforms) = postSolution
		{4ACA2318-8151-4597-91E0-739C3F41E1CD}.Debug|Any CPU.ActiveCfg = Debug|Any CPU
		{4ACA2318-8151-4597-91E0-739C3F41E1CD}.Debug|Any CPU.Build.0 = Debug|Any CPU
		{4ACA2318-8151-4597-91E0-739C3F41E1CD}.Release|Any CPU.ActiveCfg = Release|Any CPU
		{4ACA2318-8151-4597-91E0-739C3F41E1CD}.Release|Any CPU.Build.0 = Release|Any CPU
		{F7A796C4-BE95-477F-9CA5-D554D46C431A}.Debug|Any CPU.ActiveCfg = Debug|Any CPU
		{F7A796C4-BE95-477F-9CA5-D554D46C431A}.Debug|Any CPU.Build.0 = Debug|Any CPU
		{F7A796C4-BE95-477F-9CA5-D554D46C431A}.Release|Any CPU.ActiveCfg = Release|Any CPU
		{F7A796C4-BE95-477F-9CA5-D554D46C431A}.Release|Any CPU.Build.0 = Release|Any CPU
		{649B3CFC-6051-4894-B212-F173308B2170}.Debug|Any CPU.ActiveCfg = Debug|Any CPU
		{649B3CFC-6051-4894-B212-F173308B2170}.Debug|Any CPU.Build.0 = Debug|Any CPU
		{649B3CFC-6051-4894-B212-F173308B2170}.Release|Any CPU.ActiveCfg = Release|Any CPU
		{649B3CFC-6051-4894-B212-F173308B2170}.Release|Any CPU.Build.0 = Release|Any CPU
	EndGlobalSection
	GlobalSection(SolutionProperties) = preSolution
		HideSolutionNode = FALSE
	EndGlobalSection
	GlobalSection(ExtensibilityGlobals) = postSolution
		SolutionGuid = {47267A42-54D9-42BF-A06E-CFB7F608C655}
	EndGlobalSection
EndGlobal
